
Microsoft Visual Studio Solution File, Format Version 12.00
# Visual Studio Version 16
VisualStudioVersion = 16.0.32901.82
MinimumVisualStudioVersion = 10.0.40219.1
Project("{FAE04EC0-301F-11D3-BF4B-00C04F79EFBC}") = "PI5", "PI5\PI5.csproj", "{3D1EECEC-7787-493E-B7B9-253E973FD619}"
EndProject
Project("{FAE04EC0-301F-11D3-BF4B-00C04F79EFBC}") = "MyProject.tests", "MyProject.tests\MyProject.tests.csproj", "{58BC8ED3-1BDE-4F03-AD2D-6C1417480C65}"
EndProject
Global
	GlobalSection(SolutionConfigurationPlatforms) = preSolution
		Debug|Any CPU = Debug|Any CPU
		Release|Any CPU = Release|Any CPU
	EndGlobalSection
	GlobalSection(ProjectConfigurationPlatforms) = postSolution
		{3D1EECEC-7787-493E-B7B9-253E973FD619}.Debug|Any CPU.ActiveCfg = Debug|Any CPU
		{3D1EECEC-7787-493E-B7B9-253E973FD619}.Debug|Any CPU.Build.0 = Debug|Any CPU
		{3D1EECEC-7787-493E-B7B9-253E973FD619}.Release|Any CPU.ActiveCfg = Release|Any CPU
		{3D1EECEC-7787-493E-B7B9-253E973FD619}.Release|Any CPU.Build.0 = Release|Any CPU
		{58BC8ED3-1BDE-4F03-AD2D-6C1417480C65}.Debug|Any CPU.ActiveCfg = Debug|Any CPU
		{58BC8ED3-1BDE-4F03-AD2D-6C1417480C65}.Debug|Any CPU.Build.0 = Debug|Any CPU
		{58BC8ED3-1BDE-4F03-AD2D-6C1417480C65}.Release|Any CPU.ActiveCfg = Release|Any CPU
		{58BC8ED3-1BDE-4F03-AD2D-6C1417480C65}.Release|Any CPU.Build.0 = Release|Any CPU
	EndGlobalSection
	GlobalSection(SolutionProperties) = preSolution
		HideSolutionNode = FALSE
	EndGlobalSection
	GlobalSection(ExtensibilityGlobals) = postSolution
		SolutionGuid = {21D6ED34-39F9-42C3-858A-52B439C6A98D}
	EndGlobalSection
EndGlobal
